PODS:
  - Alamofire (4.3.0)
  - CarbonKit (2.1.9)
  - Material (2.4.19):
    - Material/Core (= 2.4.19)
  - Material/Core (2.4.19)
  - SDWebImage (4.0.0):
    - SDWebImage/Core (= 4.0.0)
  - SDWebImage/Core (4.0.0)
  - Stripe (9.4.0)
  - SwiftyJSON (3.1.4)
  - Toast-Swift (2.0.0)

DEPENDENCIES:
  - Alamofire
  - CarbonKit
  - Material
  - SDWebImage
  - Stripe
  - SwiftyJSON
  - Toast-Swift (~> 2.0.0)

SPEC CHECKSUMS:
  Alamofire: 856a113053a7bc9cbe5d6367a555d773fc5cfef7
  CarbonKit: af16a9c0d2b6c908a5985fe4633424d38c9bfc0a
  Material: 67b52869f68ab95757e14801ffba0a52a4f19c31
  SDWebImage: 76a6348bdc74eb5a55dd08a091ef298e56b55e41
  Stripe: 0957cc85df5c3df153e6fb44d307ea4b778b6bd1
  SwiftyJSON: c2842d878f95482ffceec5709abc3d05680c0220
  Toast-Swift: 5b2f8f720f7e78e48511f693df1f9c9a6e38a25a

PODFILE CHECKSUM: ee9db203dfe4fd47d4a4a96ef013443719099df0

COCOAPODS: 1.2.1
