PODS:
  - Alamofire (4.3.0)
  - CarbonKit (2.1.9)
  - GoogleMaps (2.2.0):
    - GoogleMaps/Maps (= 2.2.0)
  - GoogleMaps/Base (2.2.0)
  - GoogleMaps/Maps (2.2.0):
    - GoogleMaps/Base
  - SDWebImage (4.0.0):
    - SDWebImage/Core (= 4.0.0)
  - SDWebImage/Core (4.0.0)
  - SwiftyJSON (3.1.4)
  - Toast-Swift (2.0.0)

DEPENDENCIES:
  - Alamofire
  - CarbonKit
  - GoogleMaps
  - SDWebImage
  - SwiftyJSON
  - Toast-Swift (~> 2.0.0)

SPEC CHECKSUMS:
  Alamofire: 856a113053a7bc9cbe5d6367a555d773fc5cfef7
  CarbonKit: af16a9c0d2b6c908a5985fe4633424d38c9bfc0a
  GoogleMaps: 104c418d61ab8a05dff06ed0784c25ea9d37da45
  SDWebImage: 76a6348bdc74eb5a55dd08a091ef298e56b55e41
  SwiftyJSON: c2842d878f95482ffceec5709abc3d05680c0220
  Toast-Swift: 5b2f8f720f7e78e48511f693df1f9c9a6e38a25a

PODFILE CHECKSUM: 58cd97d991b15cb1721caf43f1a4ab3c3b47ae9d

COCOAPODS: 1.2.0
